// !$*UTF8*$!
{
	archiveVersion = 1;
	classes = {
	};
	objectVersion = 77;
	objects = {

/* Begin PBXBuildFile section */
		EF78E6722E19ACA9006AFF44 /* ResultsView.swift in Sources */ = {isa = PBXBuildFile; fileRef = EF78E6712E19ACA9006AFF44 /* ResultsView.swift */; };
		EF78E6742E19ADFE006AFF44 /* ResultsView 2.swift in Sources */ = {isa = PBXBuildFile; fileRef = EF78E6732E19ADFE006AFF44 /* ResultsView 2.swift */; };
		EF78E6762E19B70E006AFF44 /* GetImageView.swift in Sources */ = {isa = PBXBuildFile; fileRef = EF78E6752E19B70E006AFF44 /* GetImageView.swift */; };
		EF78E6782E19B73E006AFF44 /* SavedPhotosLibraryView.swift in Sources */ = {isa = PBXBuildFile; fileRef = EF78E6772E19B73E006AFF44 /* SavedPhotosLibraryView.swift */; };
		EF78E67A2E19B7BB006AFF44 /* CameraInterfaceView.swift in Sources */ = {isa = PBXBuildFile; fileRef = EF78E6792E19B7BB006AFF44 /* CameraInterfaceView.swift */; };
		EF78E67C2E19B82F006AFF44 /* PhotosConfirmationView.swift in Sources */ = {isa = PBXBuildFile; fileRef = EF78E67B2E19B82F006AFF44 /* PhotosConfirmationView.swift */; };
		EF78E67E2E19BCAA006AFF44 /* ScanHistoryView.swift in Sources */ = {isa = PBXBuildFile; fileRef = EF78E67D2E19BCAA006AFF44 /* ScanHistoryView.swift */; };
		EF78E6912E1A6A66006AFF44 /* AppBackgroundModifier.swift in Sources */ = {isa = PBXBuildFile; fileRef = EF78E6902E1A6A66006AFF44 /* AppBackgroundModifier.swift */; };
		EFEB61772E17E914001485C1 /* HomeView.swift in Sources */ = {isa = PBXBuildFile; fileRef = EFEB61732E17E914001485C1 /* HomeView.swift */; };
		EFEB61782E17E914001485C1 /* Skin_CheckrApp.swift in Sources */ = {isa = PBXBuildFile; fileRef = EFEB61752E17E914001485C1 /* Skin_CheckrApp.swift */; };
		EFEB61792E17E914001485C1 /* Assets.xcassets in Resources */ = {isa = PBXBuildFile; fileRef = EFEB61722E17E914001485C1 /* Assets.xcassets */; };
		EFEB617C2E17E916001485C1 /* Skin_CheckrTests.swift in Sources */ = {isa = PBXBuildFile; fileRef = EFEB617A2E17E916001485C1 /* Skin_CheckrTests.swift */; };
		EFEB61802E17E919001485C1 /* Skin_CheckrUITests.swift in Sources */ = {isa = PBXBuildFile; fileRef = EFEB617D2E17E919001485C1 /* Skin_CheckrUITests.swift */; };
		EFEB61812E17E919001485C1 /* Skin_CheckrUITestsLaunchTests.swift in Sources */ = {isa = PBXBuildFile; fileRef = EFEB617E2E17E919001485C1 /* Skin_CheckrUITestsLaunchTests.swift */; };
/* End PBXBuildFile section */

/* Begin PBXContainerItemProxy section */
		EFEB61462E17E71E001485C1 /* PBXContainerItemProxy */ = {
			isa = PBXContainerItemProxy;
			containerPortal = EFEB612F2E17E71D001485C1 /* Project object */;
			proxyType = 1;
			remoteGlobalIDString = EFEB61362E17E71D001485C1;
			remoteInfo = "Skin Checkr";
		};
		EFEB61502E17E71E001485C1 /* PBXContainerItemProxy */ = {
			isa = PBXContainerItemProxy;
			containerPortal = EFEB612F2E17E71D001485C1 /* Project object */;
			proxyType = 1;
			remoteGlobalIDString = EFEB61362E17E71D001485C1;
			remoteInfo = "Skin Checkr";
		};
/* End PBXContainerItemProxy section */

/* Begin PBXFileReference section */
		EF78E6712E19ACA9006AFF44 /* ResultsView.swift */ = {isa = PBXFileReference; lastKnownFileType = sourcecode.swift; path = ResultsView.swift; sourceTree = "<group>"; };
		EF78E6732E19ADFE006AFF44 /* ResultsView 2.swift */ = {isa = PBXFileReference; lastKnownFileType = sourcecode.swift; path = "ResultsView 2.swift"; sourceTree = "<group>"; };
		EF78E6752E19B70E006AFF44 /* GetImageView.swift */ = {isa = PBXFileReference; lastKnownFileType = sourcecode.swift; path = GetImageView.swift; sourceTree = "<group>"; };
		EF78E6772E19B73E006AFF44 /* SavedPhotosLibraryView.swift */ = {isa = PBXFileReference; lastKnownFileType = sourcecode.swift; path = SavedPhotosLibraryView.swift; sourceTree = "<group>"; };
		EF78E6792E19B7BB006AFF44 /* CameraInterfaceView.swift */ = {isa = PBXFileReference; lastKnownFileType = sourcecode.swift; path = CameraInterfaceView.swift; sourceTree = "<group>"; };
		EF78E67B2E19B82F006AFF44 /* PhotosConfirmationView.swift */ = {isa = PBXFileReference; lastKnownFileType = sourcecode.swift; path = PhotosConfirmationView.swift; sourceTree = "<group>"; };
		EF78E67D2E19BCAA006AFF44 /* ScanHistoryView.swift */ = {isa = PBXFileReference; lastKnownFileType = sourcecode.swift; path = ScanHistoryView.swift; sourceTree = "<group>"; };
		EF78E6902E1A6A66006AFF44 /* AppBackgroundModifier.swift */ = {isa = PBXFileReference; lastKnownFileType = sourcecode.swift; path = AppBackgroundModifier.swift; sourceTree = "<group>"; };
		EFEB61372E17E71D001485C1 /* Skin Checkr.app */ = {isa = PBXFileReference; explicitFileType = wrapper.application; includeInIndex = 0; path = "Skin Checkr.app"; sourceTree = BUILT_PRODUCTS_DIR; };
		EFEB61452E17E71E001485C1 /* Skin CheckrTests.xctest */ = {isa = PBXFileReference; explicitFileType = wrapper.cfbundle; includeInIndex = 0; path = "Skin CheckrTests.xctest"; sourceTree = BUILT_PRODUCTS_DIR; };
		EFEB614F2E17E71E001485C1 /* Skin CheckrUITests.xctest */ = {isa = PBXFileReference; explicitFileType = wrapper.cfbundle; includeInIndex = 0; path = "Skin CheckrUITests.xctest"; sourceTree = BUILT_PRODUCTS_DIR; };
		EFEB61722E17E914001485C1 /* Assets.xcassets */ = {isa = PBXFileReference; lastKnownFileType = folder.assetcatalog; path = Assets.xcassets; sourceTree = "<group>"; };
		EFEB61732E17E914001485C1 /* HomeView.swift */ = {isa = PBXFileReference; lastKnownFileType = sourcecode.swift; path = HomeView.swift; sourceTree = "<group>"; };
		EFEB61742E17E914001485C1 /* Skin_Checkr.entitlements */ = {isa = PBXFileReference; lastKnownFileType = text.plist.entitlements; path = Skin_Checkr.entitlements; sourceTree = "<group>"; };
		EFEB61752E17E914001485C1 /* Skin_CheckrApp.swift */ = {isa = PBXFileReference; lastKnownFileType = sourcecode.swift; path = Skin_CheckrApp.swift; sourceTree = "<group>"; };
		EFEB617A2E17E916001485C1 /* Skin_CheckrTests.swift */ = {isa = PBXFileReference; lastKnownFileType = sourcecode.swift; path = Skin_CheckrTests.swift; sourceTree = "<group>"; };
		EFEB617D2E17E919001485C1 /* Skin_CheckrUITests.swift */ = {isa = PBXFileReference; lastKnownFileType = sourcecode.swift; path = Skin_CheckrUITests.swift; sourceTree = "<group>"; };
		EFEB617E2E17E919001485C1 /* Skin_CheckrUITestsLaunchTests.swift */ = {isa = PBXFileReference; lastKnownFileType = sourcecode.swift; path = Skin_CheckrUITestsLaunchTests.swift; sourceTree = "<group>"; };
/* End PBXFileReference section */

/* Begin PBXFrameworksBuildPhase section */
		EFEB61342E17E71D001485C1 /* Frameworks */ = {
			isa = PBXFrameworksBuildPhase;
			buildActionMask = 2147483647;
			files = (
			);
			runOnlyForDeploymentPostprocessing = 0;
		};
		EFEB61422E17E71E001485C1 /* Frameworks */ = {
			isa = PBXFrameworksBuildPhase;
			buildActionMask = 2147483647;
			files = (
			);
			runOnlyForDeploymentPostprocessing = 0;
		};
		EFEB614C2E17E71E001485C1 /* Frameworks */ = {
			isa = PBXFrameworksBuildPhase;
			buildActionMask = 2147483647;
			files = (
			);
			runOnlyForDeploymentPostprocessing = 0;
		};
/* End PBXFrameworksBuildPhase section */

/* Begin PBXGroup section */
		EF78E68F2E1A6A58006AFF44 /* Components */ = {
			isa = PBXGroup;
			children = (
				EF78E6902E1A6A66006AFF44 /* AppBackgroundModifier.swift */,
			);
			path = Components;
			sourceTree = "<group>";
		};
		EFEB612E2E17E71D001485C1 = {
			isa = PBXGroup;
			children = (
				EFEB61762E17E914001485C1 /* Skin Checkr */,
				EFEB617B2E17E916001485C1 /* Skin CheckrTests */,
				EFEB617F2E17E919001485C1 /* Skin CheckrUITests */,
				EFEB61382E17E71D001485C1 /* Products */,
			);
			sourceTree = "<group>";
		};
		EFEB61382E17E71D001485C1 /* Products */ = {
			isa = PBXGroup;
			children = (
				EFEB61372E17E71D001485C1 /* Skin Checkr.app */,
				EFEB61452E17E71E001485C1 /* Skin CheckrTests.xctest */,
				EFEB614F2E17E71E001485C1 /* Skin CheckrUITests.xctest */,
			);
			name = Products;
			sourceTree = "<group>";
		};
		EFEB61762E17E914001485C1 /* Skin Checkr */ = {
			isa = PBXGroup;
			children = (
				EFEB61752E17E914001485C1 /* Skin_CheckrApp.swift */,
				EF78E68F2E1A6A58006AFF44 /* Components */,
				EFEB61722E17E914001485C1 /* Assets.xcassets */,
				EFEB61742E17E914001485C1 /* Skin_Checkr.entitlements */,
				EF78E67D2E19BCAA006AFF44 /* ScanHistoryView.swift */,
				EFEB61732E17E914001485C1 /* HomeView.swift */,
				EF78E6732E19ADFE006AFF44 /* ResultsView 2.swift */,
				EF78E6712E19ACA9006AFF44 /* ResultsView.swift */,
				EF78E6752E19B70E006AFF44 /* GetImageView.swift */,
				EF78E6792E19B7BB006AFF44 /* CameraInterfaceView.swift */,
				EF78E6772E19B73E006AFF44 /* SavedPhotosLibraryView.swift */,
				EF78E67B2E19B82F006AFF44 /* PhotosConfirmationView.swift */,
			);
			path = "Skin Checkr";
			sourceTree = "<group>";
		};
		EFEB617B2E17E916001485C1 /* Skin CheckrTests */ = {
			isa = PBXGroup;
			children = (
				EFEB617A2E17E916001485C1 /* Skin_CheckrTests.swift */,
			);
			path = "Skin CheckrTests";
			sourceTree = "<group>";
		};
		EFEB617F2E17E919001485C1 /* Skin CheckrUITests */ = {
			isa = PBXGroup;
			children = (
				EFEB617D2E17E919001485C1 /* Skin_CheckrUITests.swift */,
				EFEB617E2E17E919001485C1 /* Skin_CheckrUITestsLaunchTests.swift */,
			);
			path = "Skin CheckrUITests";
			sourceTree = "<group>";
		};
/* End PBXGroup section */

/* Begin PBXNativeTarget section */
		EFEB61362E17E71D001485C1 /* Skin Checkr */ = {
			isa = PBXNativeTarget;
			buildConfigurationList = EFEB61592E17E71E001485C1 /* Build configuration list for PBXNativeTarget "Skin Checkr" */;
			buildPhases = (
				EFEB61332E17E71D001485C1 /* Sources */,
				EFEB61342E17E71D001485C1 /* Frameworks */,
				EFEB61352E17E71D001485C1 /* Resources */,
			);
			buildRules = (
			);
			dependencies = (
			);
			name = "Skin Checkr";
			packageProductDependencies = (
			);
			productName = "Skin Checkr";
			productReference = EFEB61372E17E71D001485C1 /* Skin Checkr.app */;
			productType = "com.apple.product-type.application";
		};
		EFEB61442E17E71E001485C1 /* Skin CheckrTests */ = {
			isa = PBXNativeTarget;
			buildConfigurationList = EFEB615C2E17E71E001485C1 /* Build configuration list for PBXNativeTarget "Skin CheckrTests" */;
			buildPhases = (
				EFEB61412E17E71E001485C1 /* Sources */,
				EFEB61422E17E71E001485C1 /* Frameworks */,
				EFEB61432E17E71E001485C1 /* Resources */,
			);
			buildRules = (
			);
			dependencies = (
				EFEB61472E17E71E001485C1 /* PBXTargetDependency */,
			);
			name = "Skin CheckrTests";
			packageProductDependencies = (
			);
			productName = "Skin CheckrTests";
			productReference = EFEB61452E17E71E001485C1 /* Skin CheckrTests.xctest */;
			productType = "com.apple.product-type.bundle.unit-test";
		};
		EFEB614E2E17E71E001485C1 /* Skin CheckrUITests */ = {
			isa = PBXNativeTarget;
			buildConfigurationList = EFEB615F2E17E71E001485C1 /* Build configuration list for PBXNativeTarget "Skin CheckrUITests" */;
			buildPhases = (
				EFEB614B2E17E71E001485C1 /* Sources */,
				EFEB614C2E17E71E001485C1 /* Frameworks */,
				EFEB614D2E17E71E001485C1 /* Resources */,
			);
			buildRules = (
			);
			dependencies = (
				EFEB61512E17E71E001485C1 /* PBXTargetDependency */,
			);
			name = "Skin CheckrUITests";
			packageProductDependencies = (
			);
			productName = "Skin CheckrUITests";
			productReference = EFEB614F2E17E71E001485C1 /* Skin CheckrUITests.xctest */;
			productType = "com.apple.product-type.bundle.ui-testing";
		};
/* End PBXNativeTarget section */

/* Begin PBXProject section */
		EFEB612F2E17E71D001485C1 /* Project object */ = {
			isa = PBXProject;
			attributes = {
				BuildIndependentTargetsInParallel = 1;
				LastSwiftUpdateCheck = 1640;
				LastUpgradeCheck = 1640;
				TargetAttributes = {
					EFEB61362E17E71D001485C1 = {
						CreatedOnToolsVersion = 16.4;
					};
					EFEB61442E17E71E001485C1 = {
						CreatedOnToolsVersion = 16.4;
						TestTargetID = EFEB61362E17E71D001485C1;
					};
					EFEB614E2E17E71E001485C1 = {
						CreatedOnToolsVersion = 16.4;
						TestTargetID = EFEB61362E17E71D001485C1;
					};
				};
			};
			buildConfigurationList = EFEB61322E17E71D001485C1 /* Build configuration list for PBXProject "Skin Checkr" */;
			developmentRegion = en;
			hasScannedForEncodings = 0;
			knownRegions = (
				en,
				Base,
			);
			mainGroup = EFEB612E2E17E71D001485C1;
			minimizedProjectReferenceProxies = 1;
			preferredProjectObjectVersion = 77;
			productRefGroup = EFEB61382E17E71D001485C1 /* Products */;
			projectDirPath = "";
			projectRoot = "";
			targets = (
				EFEB61362E17E71D001485C1 /* Skin Checkr */,
				EFEB61442E17E71E001485C1 /* Skin CheckrTests */,
				EFEB614E2E17E71E001485C1 /* Skin CheckrUITests */,
			);
		};
/* End PBXProject section */

/* Begin PBXResourcesBuildPhase section */
		EFEB61352E17E71D001485C1 /* Resources */ = {
			isa = PBXResourcesBuildPhase;
			buildActionMask = 2147483647;
			files = (
				EFEB61792E17E914001485C1 /* Assets.xcassets in Resources */,
			);
			runOnlyForDeploymentPostprocessing = 0;
		};
		EFEB61432E17E71E001485C1 /* Resources */ = {
			isa = PBXResourcesBuildPhase;
			buildActionMask = 2147483647;
			files = (
			);
			runOnlyForDeploymentPostprocessing = 0;
		};
		EFEB614D2E17E71E001485C1 /* Resources */ = {
			isa = PBXResourcesBuildPhase;
			buildActionMask = 2147483647;
			files = (
			);
			runOnlyForDeploymentPostprocessing = 0;
		};
/* End PBXResourcesBuildPhase section */

/* Begin PBXSourcesBuildPhase section */
		EFEB61332E17E71D001485C1 /* Sources */ = {
			isa = PBXSourcesBuildPhase;
			buildActionMask = 2147483647;
			files = (
				EF78E67C2E19B82F006AFF44 /* PhotosConfirmationView.swift in Sources */,
				EF78E6762E19B70E006AFF44 /* GetImageView.swift in Sources */,
				EFEB61772E17E914001485C1 /* HomeView.swift in Sources */,
				EF78E6742E19ADFE006AFF44 /* ResultsView 2.swift in Sources */,
				EF78E67A2E19B7BB006AFF44 /* CameraInterfaceView.swift in Sources */,
				EF78E6782E19B73E006AFF44 /* SavedPhotosLibraryView.swift in Sources */,
				EF78E6912E1A6A66006AFF44 /* AppBackgroundModifier.swift in Sources */,
				EF78E6722E19ACA9006AFF44 /* ResultsView.swift in Sources */,
				EFEB61782E17E914001485C1 /* Skin_CheckrApp.swift in Sources */,
				EF78E67E2E19BCAA006AFF44 /* ScanHistoryView.swift in Sources */,
			);
			runOnlyForDeploymentPostprocessing = 0;
		};
		EFEB61412E17E71E001485C1 /* Sources */ = {
			isa = PBXSourcesBuildPhase;
			buildActionMask = 2147483647;
			files = (
				EFEB617C2E17E916001485C1 /* Skin_CheckrTests.swift in Sources */,
			);
			runOnlyForDeploymentPostprocessing = 0;
		};
		EFEB614B2E17E71E001485C1 /* Sources */ = {
			isa = PBXSourcesBuildPhase;
			buildActionMask = 2147483647;
			files = (
				EFEB61802E17E919001485C1 /* Skin_CheckrUITests.swift in Sources */,
				EFEB61812E17E919001485C1 /* Skin_CheckrUITestsLaunchTests.swift in Sources */,
			);
			runOnlyForDeploymentPostprocessing = 0;
		};
/* End PBXSourcesBuildPhase section */

/* Begin PBXTargetDependency section */
		EFEB61472E17E71E001485C1 /* PBXTargetDependency */ = {
			isa = PBXTargetDependency;
			target = EFEB61362E17E71D001485C1 /* Skin Checkr */;
			targetProxy = EFEB61462E17E71E001485C1 /* PBXContainerItemProxy */;
		};
		EFEB61512E17E71E001485C1 /* PBXTargetDependency */ = {
			isa = PBXTargetDependency;
			target = EFEB61362E17E71D001485C1 /* Skin Checkr */;
			targetProxy = EFEB61502E17E71E001485C1 /* PBXContainerItemProxy */;
		};
/* End PBXTargetDependency section */

/* Begin XCBuildConfiguration section */
		EFEB61572E17E71E001485C1 /* Debug */ = {
			isa = XCBuildConfiguration;
			buildSettings = {
				ALWAYS_SEARCH_USER_PATHS = NO;
				ASSETCATALOG_COMPILER_GENERATE_SWIFT_ASSET_SYMBOL_EXTENSIONS = YES;
				CLANG_ANALYZER_NONNULL = YES;
				CLANG_ANALYZER_NUMBER_OBJECT_CONVERSION = YES_AGGRESSIVE;
				CLANG_CXX_LANGUAGE_STANDARD = "gnu++20";
				CLANG_ENABLE_MODULES = YES;
				CLANG_ENABLE_OBJC_ARC = YES;
				CLANG_ENABLE_OBJC_WEAK = YES;
				CLANG_WARN_BLOCK_CAPTURE_AUTORELEASING = YES;
				CLANG_WARN_BOOL_CONVERSION = YES;
				CLANG_WARN_COMMA = YES;
				CLANG_WARN_CONSTANT_CONVERSION = YES;
				CLANG_WARN_DEPRECATED_OBJC_IMPLEMENTATIONS = YES;
				CLANG_WARN_DIRECT_OBJC_ISA_USAGE = YES_ERROR;
				CLANG_WARN_DOCUMENTATION_COMMENTS = YES;
				CLANG_WARN_EMPTY_BODY = YES;
				CLANG_WARN_ENUM_CONVERSION = YES;
				CLANG_WARN_INFINITE_RECURSION = YES;
				CLANG_WARN_INT_CONVERSION = YES;
				CLANG_WARN_NON_LITERAL_NULL_CONVERSION = YES;
				CLANG_WARN_OBJC_IMPLICIT_RETAIN_SELF = YES;
				CLANG_WARN_OBJC_LITERAL_CONVERSION = YES;
				CLANG_WARN_OBJC_ROOT_CLASS = YES_ERROR;
				CLANG_WARN_QUOTED_INCLUDE_IN_FRAMEWORK_HEADER = YES;
				CLANG_WARN_RANGE_LOOP_ANALYSIS = YES;
				CLANG_WARN_STRICT_PROTOTYPES = YES;
				CLANG_WARN_SUSPICIOUS_MOVE = YES;
				CLANG_WARN_UNGUARDED_AVAILABILITY = YES_AGGRESSIVE;
				CLANG_WARN_UNREACHABLE_CODE = YES;
				CLANG_WARN__DUPLICATE_METHOD_MATCH = YES;
				COPY_PHASE_STRIP = NO;
				DEBUG_INFORMATION_FORMAT = dwarf;
				ENABLE_STRICT_OBJC_MSGSEND = YES;
				ENABLE_TESTABILITY = YES;
				ENABLE_USER_SCRIPT_SANDBOXING = YES;
				GCC_C_LANGUAGE_STANDARD = gnu17;
				GCC_DYNAMIC_NO_PIC = NO;
				GCC_NO_COMMON_BLOCKS = YES;
				GCC_OPTIMIZATION_LEVEL = 0;
				GCC_PREPROCESSOR_DEFINITIONS = (
					"DEBUG=1",
					"$(inherited)",
				);
				GCC_WARN_64_TO_32_BIT_CONVERSION = YES;
				GCC_WARN_ABOUT_RETURN_TYPE = YES_ERROR;
				GCC_WARN_UNDECLARED_SELECTOR = YES;
				GCC_WARN_UNINITIALIZED_AUTOS = YES_AGGRESSIVE;
				GCC_WARN_UNUSED_FUNCTION = YES;
				GCC_WARN_UNUSED_VARIABLE = YES;
				LOCALIZATION_PREFERS_STRING_CATALOGS = YES;
				MTL_ENABLE_DEBUG_INFO = INCLUDE_SOURCE;
				MTL_FAST_MATH = YES;
				ONLY_ACTIVE_ARCH = YES;
				SWIFT_ACTIVE_COMPILATION_CONDITIONS = "DEBUG $(inherited)";
				SWIFT_OPTIMIZATION_LEVEL = "-Onone";
			};
			name = Debug;
		};
		EFEB61582E17E71E001485C1 /* Release */ = {
			isa = XCBuildConfiguration;
			buildSettings = {
				ALWAYS_SEARCH_USER_PATHS = NO;
				ASSETCATALOG_COMPILER_GENERATE_SWIFT_ASSET_SYMBOL_EXTENSIONS = YES;
				CLANG_ANALYZER_NONNULL = YES;
				CLANG_ANALYZER_NUMBER_OBJECT_CONVERSION = YES_AGGRESSIVE;
				CLANG_CXX_LANGUAGE_STANDARD = "gnu++20";
				CLANG_ENABLE_MODULES = YES;
				CLANG_ENABLE_OBJC_ARC = YES;
				CLANG_ENABLE_OBJC_WEAK = YES;
				CLANG_WARN_BLOCK_CAPTURE_AUTORELEASING = YES;
				CLANG_WARN_BOOL_CONVERSION = YES;
				CLANG_WARN_COMMA = YES;
				CLANG_WARN_CONSTANT_CONVERSION = YES;
				CLANG_WARN_DEPRECATED_OBJC_IMPLEMENTATIONS = YES;
				CLANG_WARN_DIRECT_OBJC_ISA_USAGE = YES_ERROR;
				CLANG_WARN_DOCUMENTATION_COMMENTS = YES;
				CLANG_WARN_EMPTY_BODY = YES;
				CLANG_WARN_ENUM_CONVERSION = YES;
				CLANG_WARN_INFINITE_RECURSION = YES;
				CLANG_WARN_INT_CONVERSION = YES;
				CLANG_WARN_NON_LITERAL_NULL_CONVERSION = YES;
				CLANG_WARN_OBJC_IMPLICIT_RETAIN_SELF = YES;
				CLANG_WARN_OBJC_LITERAL_CONVERSION = YES;
				CLANG_WARN_OBJC_ROOT_CLASS = YES_ERROR;
				CLANG_WARN_QUOTED_INCLUDE_IN_FRAMEWORK_HEADER = YES;
				CLANG_WARN_RANGE_LOOP_ANALYSIS = YES;
				CLANG_WARN_STRICT_PROTOTYPES = YES;
				CLANG_WARN_SUSPICIOUS_MOVE = YES;
				CLANG_WARN_UNGUARDED_AVAILABILITY = YES_AGGRESSIVE;
				CLANG_WARN_UNREACHABLE_CODE = YES;
				CLANG_WARN__DUPLICATE_METHOD_MATCH = YES;
				COPY_PHASE_STRIP = NO;
				DEBUG_INFORMATION_FORMAT = "dwarf-with-dsym";
				ENABLE_NS_ASSERTIONS = NO;
				ENABLE_STRICT_OBJC_MSGSEND = YES;
				ENABLE_USER_SCRIPT_SANDBOXING = YES;
				GCC_C_LANGUAGE_STANDARD = gnu17;
				GCC_NO_COMMON_BLOCKS = YES;
				GCC_WARN_64_TO_32_BIT_CONVERSION = YES;
				GCC_WARN_ABOUT_RETURN_TYPE = YES_ERROR;
				GCC_WARN_UNDECLARED_SELECTOR = YES;
				GCC_WARN_UNINITIALIZED_AUTOS = YES_AGGRESSIVE;
				GCC_WARN_UNUSED_FUNCTION = YES;
				GCC_WARN_UNUSED_VARIABLE = YES;
				LOCALIZATION_PREFERS_STRING_CATALOGS = YES;
				MTL_ENABLE_DEBUG_INFO = NO;
				MTL_FAST_MATH = YES;
				SWIFT_COMPILATION_MODE = wholemodule;
			};
			name = Release;
		};
		EFEB615A2E17E71E001485C1 /* Debug */ = {
			isa = XCBuildConfiguration;
			buildSettings = {
				ASSETCATALOG_COMPILER_APPICON_NAME = AppIcon;
				ASSETCATALOG_COMPILER_GLOBAL_ACCENT_COLOR_NAME = AccentColor;
				CODE_SIGN_ENTITLEMENTS = "Skin Checkr/Skin_Checkr.entitlements";
				CODE_SIGN_STYLE = Automatic;
				CURRENT_PROJECT_VERSION = 1;
				ENABLE_PREVIEWS = YES;
				GENERATE_INFOPLIST_FILE = YES;
				"INFOPLIST_KEY_UIApplicationSceneManifest_Generation[sdk=iphoneos*]" = YES;
				"INFOPLIST_KEY_UIApplicationSceneManifest_Generation[sdk=iphonesimulator*]" = YES;
				"INFOPLIST_KEY_UIApplicationSupportsIndirectInputEvents[sdk=iphoneos*]" = YES;
				"INFOPLIST_KEY_UIApplicationSupportsIndirectInputEvents[sdk=iphonesimulator*]" = YES;
				"INFOPLIST_KEY_UILaunchScreen_Generation[sdk=iphoneos*]" = YES;
				"INFOPLIST_KEY_UILaunchScreen_Generation[sdk=iphonesimulator*]" = YES;
				"INFOPLIST_KEY_UIStatusBarStyle[sdk=iphoneos*]" = UIStatusBarStyleDefault;
				"INFOPLIST_KEY_UIStatusBarStyle[sdk=iphonesimulator*]" = UIStatusBarStyleDefault;
				INFOPLIST_KEY_UISupportedInterfaceOrientations_iPad = "UIInterfaceOrientationPortrait UIInterfaceOrientationPortraitUpsideDown UIInterfaceOrientationLandscapeLeft UIInterfaceOrientationLandscapeRight";
				INFOPLIST_KEY_UISupportedInterfaceOrientations_iPhone = "UIInterfaceOrientationPortrait UIInterfaceOrientationLandscapeLeft UIInterfaceOrientationLandscapeRight";
				IPHONEOS_DEPLOYMENT_TARGET = 18.5;
				LD_RUNPATH_SEARCH_PATHS = "@executable_path/Frameworks";
				"LD_RUNPATH_SEARCH_PATHS[sdk=macosx*]" = "@executable_path/../Frameworks";
				MACOSX_DEPLOYMENT_TARGET = 15.5;
				MARKETING_VERSION = 0.1.0;
				PRODUCT_BUNDLE_IDENTIFIER = "com.emberforgeapps.Skin-Checkr";
				PRODUCT_NAME = "$(TARGET_NAME)";
				REGISTER_APP_GROUPS = YES;
				SDKROOT = auto;
				SUPPORTED_PLATFORMS = "iphoneos iphonesimulator macosx xros xrsimulator";
				SWIFT_EMIT_LOC_STRINGS = YES;
				SWIFT_VERSION = 5.0;
				TARGETED_DEVICE_FAMILY = "1,2,7";
				XROS_DEPLOYMENT_TARGET = 2.5;
			};
			name = Debug;
		};
		EFEB615B2E17E71E001485C1 /* Release */ = {
			isa = XCBuildConfiguration;
			buildSettings = {
				ASSETCATALOG_COMPILER_APPICON_NAME = AppIcon;
				ASSETCATALOG_COMPILER_GLOBAL_ACCENT_COLOR_NAME = AccentColor;
				CODE_SIGN_ENTITLEMENTS = "Skin Checkr/Skin_Checkr.entitlements";
				CODE_SIGN_STYLE = Automatic;
				CURRENT_PROJECT_VERSION = 1;
				ENABLE_PREVIEWS = YES;
				GENERATE_INFOPLIST_FILE = YES;
				"INFOPLIST_KEY_UIApplicationSceneManifest_Generation[sdk=iphoneos*]" = YES;
				"INFOPLIST_KEY_UIApplicationSceneManifest_Generation[sdk=iphonesimulator*]" = YES;
				"INFOPLIST_KEY_UIApplicationSupportsIndirectInputEvents[sdk=iphoneos*]" = YES;
				"INFOPLIST_KEY_UIApplicationSupportsIndirectInputEvents[sdk=iphonesimulator*]" = YES;
				"INFOPLIST_KEY_UILaunchScreen_Generation[sdk=iphoneos*]" = YES;
				"INFOPLIST_KEY_UILaunchScreen_Generation[sdk=iphonesimulator*]" = YES;
				"INFOPLIST_KEY_UIStatusBarStyle[sdk=iphoneos*]" = UIStatusBarStyleDefault;
				"INFOPLIST_KEY_UIStatusBarStyle[sdk=iphonesimulator*]" = UIStatusBarStyleDefault;
				INFOPLIST_KEY_UISupportedInterfaceOrientations_iPad = "UIInterfaceOrientationPortrait UIInterfaceOrientationPortraitUpsideDown UIInterfaceOrientationLandscapeLeft UIInterfaceOrientationLandscapeRight";
				INFOPLIST_KEY_UISupportedInterfaceOrientations_iPhone = "UIInterfaceOrientationPortrait UIInterfaceOrientationLandscapeLeft UIInterfaceOrientationLandscapeRight";
				IPHONEOS_DEPLOYMENT_TARGET = 18.5;
				LD_RUNPATH_SEARCH_PATHS = "@executable_path/Frameworks";
				"LD_RUNPATH_SEARCH_PATHS[sdk=macosx*]" = "@executable_path/../Frameworks";
				MACOSX_DEPLOYMENT_TARGET = 15.5;
				MARKETING_VERSION = 0.1.0;
				PRODUCT_BUNDLE_IDENTIFIER = "com.emberforgeapps.Skin-Checkr";
				PRODUCT_NAME = "$(TARGET_NAME)";
				REGISTER_APP_GROUPS = YES;
				SDKROOT = auto;
				SUPPORTED_PLATFORMS = "iphoneos iphonesimulator macosx xros xrsimulator";
				SWIFT_EMIT_LOC_STRINGS = YES;
				SWIFT_VERSION = 5.0;
				TARGETED_DEVICE_FAMILY = "1,2,7";
				XROS_DEPLOYMENT_TARGET = 2.5;
			};
			name = Release;
		};
		EFEB615D2E17E71E001485C1 /* Debug */ = {
			isa = XCBuildConfiguration;
			buildSettings = {
				BUNDLE_LOADER = "$(TEST_HOST)";
				CODE_SIGN_STYLE = Automatic;
				CURRENT_PROJECT_VERSION = 1;
				GENERATE_INFOPLIST_FILE = YES;
				IPHONEOS_DEPLOYMENT_TARGET = 18.5;
				MACOSX_DEPLOYMENT_TARGET = 15.5;
				MARKETING_VERSION = 1.0;
				PRODUCT_BUNDLE_IDENTIFIER = "com.emberforgeapps.Skin-CheckrTests";
				PRODUCT_NAME = "$(TARGET_NAME)";
				SDKROOT = auto;
				SUPPORTED_PLATFORMS = "iphoneos iphonesimulator macosx xros xrsimulator";
				SWIFT_EMIT_LOC_STRINGS = NO;
				SWIFT_VERSION = 5.0;
				TARGETED_DEVICE_FAMILY = "1,2,7";
				TEST_HOST = "$(BUILT_PRODUCTS_DIR)/Skin Checkr.app/$(BUNDLE_EXECUTABLE_FOLDER_PATH)/Skin Checkr";
				XROS_DEPLOYMENT_TARGET = 2.5;
			};
			name = Debug;
		};
		EFEB615E2E17E71E001485C1 /* Release */ = {
			isa = XCBuildConfiguration;
			buildSettings = {
				BUNDLE_LOADER = "$(TEST_HOST)";
				CODE_SIGN_STYLE = Automatic;
				CURRENT_PROJECT_VERSION = 1;
				GENERATE_INFOPLIST_FILE = YES;
				IPHONEOS_DEPLOYMENT_TARGET = 18.5;
				MACOSX_DEPLOYMENT_TARGET = 15.5;
				MARKETING_VERSION = 1.0;
				PRODUCT_BUNDLE_IDENTIFIER = "com.emberforgeapps.Skin-CheckrTests";
				PRODUCT_NAME = "$(TARGET_NAME)";
				SDKROOT = auto;
				SUPPORTED_PLATFORMS = "iphoneos iphonesimulator macosx xros xrsimulator";
				SWIFT_EMIT_LOC_STRINGS = NO;
				SWIFT_VERSION = 5.0;
				TARGETED_DEVICE_FAMILY = "1,2,7";
				TEST_HOST = "$(BUILT_PRODUCTS_DIR)/Skin Checkr.app/$(BUNDLE_EXECUTABLE_FOLDER_PATH)/Skin Checkr";
				XROS_DEPLOYMENT_TARGET = 2.5;
			};
			name = Release;
		};
		EFEB61602E17E71E001485C1 /* Debug */ = {
			isa = XCBuildConfiguration;
			buildSettings = {
				CODE_SIGN_STYLE = Automatic;
				CURRENT_PROJECT_VERSION = 1;
				GENERATE_INFOPLIST_FILE = YES;
				IPHONEOS_DEPLOYMENT_TARGET = 18.5;
				MACOSX_DEPLOYMENT_TARGET = 15.5;
				MARKETING_VERSION = 1.0;
				PRODUCT_BUNDLE_IDENTIFIER = "com.emberforgeapps.Skin-CheckrUITests";
				PRODUCT_NAME = "$(TARGET_NAME)";
				SDKROOT = auto;
				SUPPORTED_PLATFORMS = "iphoneos iphonesimulator macosx xros xrsimulator";
				SWIFT_EMIT_LOC_STRINGS = NO;
				SWIFT_VERSION = 5.0;
				TARGETED_DEVICE_FAMILY = "1,2,7";
				TEST_TARGET_NAME = "Skin Checkr";
				XROS_DEPLOYMENT_TARGET = 2.5;
			};
			name = Debug;
		};
		EFEB61612E17E71E001485C1 /* Release */ = {
			isa = XCBuildConfiguration;
			buildSettings = {
				CODE_SIGN_STYLE = Automatic;
				CURRENT_PROJECT_VERSION = 1;
				GENERATE_INFOPLIST_FILE = YES;
				IPHONEOS_DEPLOYMENT_TARGET = 18.5;
				MACOSX_DEPLOYMENT_TARGET = 15.5;
				MARKETING_VERSION = 1.0;
				PRODUCT_BUNDLE_IDENTIFIER = "com.emberforgeapps.Skin-CheckrUITests";
				PRODUCT_NAME = "$(TARGET_NAME)";
				SDKROOT = auto;
				SUPPORTED_PLATFORMS = "iphoneos iphonesimulator macosx xros xrsimulator";
				SWIFT_EMIT_LOC_STRINGS = NO;
				SWIFT_VERSION = 5.0;
				TARGETED_DEVICE_FAMILY = "1,2,7";
				TEST_TARGET_NAME = "Skin Checkr";
				XROS_DEPLOYMENT_TARGET = 2.5;
			};
			name = Release;
		};
/* End XCBuildConfiguration section */

/* Begin XCConfigurationList section */
		EFEB61322E17E71D001485C1 /* Build configuration list for PBXProject "Skin Checkr" */ = {
			isa = XCConfigurationList;
			buildConfigurations = (
				EFEB61572E17E71E001485C1 /* Debug */,
				EFEB61582E17E71E001485C1 /* Release */,
			);
			defaultConfigurationIsVisible = 0;
			defaultConfigurationName = Release;
		};
		EFEB61592E17E71E001485C1 /* Build configuration list for PBXNativeTarget "Skin Checkr" */ = {
			isa = XCConfigurationList;
			buildConfigurations = (
				EFEB615A2E17E71E001485C1 /* Debug */,
				EFEB615B2E17E71E001485C1 /* Release */,
			);
			defaultConfigurationIsVisible = 0;
			defaultConfigurationName = Release;
		};
		EFEB615C2E17E71E001485C1 /* Build configuration list for PBXNativeTarget "Skin CheckrTests" */ = {
			isa = XCConfigurationList;
			buildConfigurations = (
				EFEB615D2E17E71E001485C1 /* Debug */,
				EFEB615E2E17E71E001485C1 /* Release */,
			);
			defaultConfigurationIsVisible = 0;
			defaultConfigurationName = Release;
		};
		EFEB615F2E17E71E001485C1 /* Build configuration list for PBXNativeTarget "Skin CheckrUITests" */ = {
			isa = XCConfigurationList;
			buildConfigurations = (
				EFEB61602E17E71E001485C1 /* Debug */,
				EFEB61612E17E71E001485C1 /* Release */,
			);
			defaultConfigurationIsVisible = 0;
			defaultConfigurationName = Release;
		};
/* End XCConfigurationList section */
	};
	rootObject = EFEB612F2E17E71D001485C1 /* Project object */;
}
