{
  "originHash" : "65d4bffb11dcaf9772a00203b091a9df5d8ce577d18915b47414bf8a43f11553",
  "pins" : [
    {
      "identity" : "superscript-ios",
      "kind" : "remoteSourceControl",
      "location" : "https://github.com/superwall/Superscript-iOS",
      "state" : {
        "revision" : "5f99cecebdbbdb0be96f413dbd0e7458180977ed",
        "version" : "0.2.8"
      }
    },
    {
      "identity" : "superwall-ios",
      "kind" : "remoteSourceControl",
      "location" : "https://github.com/superwall/Superwall-iOS",
      "state" : {
        "revision" : "f42a089760ffbc6a626cd693cb0f301277902e0b",
        "version" : "4.5.2"
      }
    }
  ],
  "version" : 3
}
